{
  "name": "aspire",
  "version": "1.0.0",
  "lockfileVersion": 1,
  "requires": true,
  "dependencies": {
    "please-wait": {
      "version": "0.0.5",
      "resolved": "https://registry.npmjs.org/please-wait/-/please-wait-0.0.5.tgz",
      "integrity": "sha1-ZwmM5iYOkuCAni07fCPx0Wfa2WA="
    }
  }
}
